
Microsoft Visual Studio Solution File, Format Version 12.00
# Visual Studio Version 16
VisualStudioVersion = 16.0.30114.105
MinimumVisualStudioVersion = 10.0.40219.1
Project("{FAE04EC0-301F-11D3-BF4B-00C04F79EFBC}") = "Order.Api", "Order.Api\Order.Api.csproj", "{21FDFFE3-211B-4202-9BE9-9BC76C9945E9}"
EndProject
Project("{FAE04EC0-301F-11D3-BF4B-00C04F79EFBC}") = "Order.Application", "Order.Application\Order.Application.csproj", "{03A2689A-501F-41BF-8123-12B3E6889780}"
EndProject
Project("{FAE04EC0-301F-11D3-BF4B-00C04F79EFBC}") = "Order.Domain", "Order.Domain\Order.Domain.csproj", "{C35CAE91-E98B-4B82-A7EC-87A477494B7D}"
EndProject
Project("{FAE04EC0-301F-11D3-BF4B-00C04F79EFBC}") = "Order.Infra", "Order.Infra\Order.Infra.csproj", "{008939B1-67EB-404E-A506-04E5FFE57B65}"
EndProject
Global
	GlobalSection(SolutionConfigurationPlatforms) = preSolution
		Debug|Any CPU = Debug|Any CPU
		Release|Any CPU = Release|Any CPU
	EndGlobalSection
	GlobalSection(SolutionProperties) = preSolution
		HideSolutionNode = FALSE
	EndGlobalSection
	GlobalSection(ProjectConfigurationPlatforms) = postSolution
		{21FDFFE3-211B-4202-9BE9-9BC76C9945E9}.Debug|Any CPU.ActiveCfg = Debug|Any CPU
		{21FDFFE3-211B-4202-9BE9-9BC76C9945E9}.Debug|Any CPU.Build.0 = Debug|Any CPU
		{21FDFFE3-211B-4202-9BE9-9BC76C9945E9}.Release|Any CPU.ActiveCfg = Release|Any CPU
		{21FDFFE3-211B-4202-9BE9-9BC76C9945E9}.Release|Any CPU.Build.0 = Release|Any CPU
		{03A2689A-501F-41BF-8123-12B3E6889780}.Debug|Any CPU.ActiveCfg = Debug|Any CPU
		{03A2689A-501F-41BF-8123-12B3E6889780}.Debug|Any CPU.Build.0 = Debug|Any CPU
		{03A2689A-501F-41BF-8123-12B3E6889780}.Release|Any CPU.ActiveCfg = Release|Any CPU
		{03A2689A-501F-41BF-8123-12B3E6889780}.Release|Any CPU.Build.0 = Release|Any CPU
		{C35CAE91-E98B-4B82-A7EC-87A477494B7D}.Debug|Any CPU.ActiveCfg = Debug|Any CPU
		{C35CAE91-E98B-4B82-A7EC-87A477494B7D}.Debug|Any CPU.Build.0 = Debug|Any CPU
		{C35CAE91-E98B-4B82-A7EC-87A477494B7D}.Release|Any CPU.ActiveCfg = Release|Any CPU
		{C35CAE91-E98B-4B82-A7EC-87A477494B7D}.Release|Any CPU.Build.0 = Release|Any CPU
		{008939B1-67EB-404E-A506-04E5FFE57B65}.Debug|Any CPU.ActiveCfg = Debug|Any CPU
		{008939B1-67EB-404E-A506-04E5FFE57B65}.Debug|Any CPU.Build.0 = Debug|Any CPU
		{008939B1-67EB-404E-A506-04E5FFE57B65}.Release|Any CPU.ActiveCfg = Release|Any CPU
		{008939B1-67EB-404E-A506-04E5FFE57B65}.Release|Any CPU.Build.0 = Release|Any CPU
	EndGlobalSection
EndGlobal
